
Microsoft Visual Studio Solution File, Format Version 12.00
# Visual Studio Version 16
VisualStudioVersion = 16.0.30523.141
MinimumVisualStudioVersion = 10.0.40219.1
Project("{8BC9CEB8-8B4A-11D0-8D11-00A0C91BC942}") = "Lesson01-HelloSDL", "Lesson01-HelloSDL\Lesson01-HelloSDL.vcxproj", "{7044233E-5613-42BE-A413-3EF6263C307E}"
EndProject
Project("{8BC9CEB8-8B4A-11D0-8D11-00A0C91BC942}") = "Lesson02-GettingAnImageOnTheScreen", "Lesson02-GettingAnImageOnTheScreen\Lesson02-GettingAnImageOnTheScreen.vcxproj", "{ED2FF312-CCC5-42E7-8245-BE62657C8A0B}"
EndProject
Project("{8BC9CEB8-8B4A-11D0-8D11-00A0C91BC942}") = "Lesson03-EventDrivenProgramming", "Lesson03-EventDrivenProgramming\Lesson03-EventDrivenProgramming.vcxproj", "{FE9B6A66-5D70-47B8-B591-E22931C47D80}"
EndProject
Project("{8BC9CEB8-8B4A-11D0-8D11-00A0C91BC942}") = "Lesson04-KeyPresses", "Lesson04-KeyPresses\Lesson04-KeyPresses.vcxproj", "{2821775B-5F0B-4453-8A6D-363030FEFF85}"
EndProject
Project("{8BC9CEB8-8B4A-11D0-8D11-00A0C91BC942}") = "Lesson05-OptimizedSurfaceLoadingAndSoftStretching", "Lesson05-OptimizedSurfaceLoadingAndSoftStretching\Lesson05-OptimizedSurfaceLoadingAndSoftStretching.vcxproj", "{5C49E1EF-B003-49DF-AFEC-4B742E9F54BB}"
EndProject
Global
	GlobalSection(SolutionConfigurationPlatforms) = preSolution
		Debug|x64 = Debug|x64
		Debug|x86 = Debug|x86
		Release|x64 = Release|x64
		Release|x86 = Release|x86
	EndGlobalSection
	GlobalSection(ProjectConfigurationPlatforms) = postSolution
		{7044233E-5613-42BE-A413-3EF6263C307E}.Debug|x64.ActiveCfg = Debug|x64
		{7044233E-5613-42BE-A413-3EF6263C307E}.Debug|x64.Build.0 = Debug|x64
		{7044233E-5613-42BE-A413-3EF6263C307E}.Debug|x86.ActiveCfg = Debug|Win32
		{7044233E-5613-42BE-A413-3EF6263C307E}.Debug|x86.Build.0 = Debug|Win32
		{7044233E-5613-42BE-A413-3EF6263C307E}.Release|x64.ActiveCfg = Release|x64
		{7044233E-5613-42BE-A413-3EF6263C307E}.Release|x64.Build.0 = Release|x64
		{7044233E-5613-42BE-A413-3EF6263C307E}.Release|x86.ActiveCfg = Release|Win32
		{7044233E-5613-42BE-A413-3EF6263C307E}.Release|x86.Build.0 = Release|Win32
		{ED2FF312-CCC5-42E7-8245-BE62657C8A0B}.Debug|x64.ActiveCfg = Debug|x64
		{ED2FF312-CCC5-42E7-8245-BE62657C8A0B}.Debug|x64.Build.0 = Debug|x64
		{ED2FF312-CCC5-42E7-8245-BE62657C8A0B}.Debug|x86.ActiveCfg = Debug|Win32
		{ED2FF312-CCC5-42E7-8245-BE62657C8A0B}.Debug|x86.Build.0 = Debug|Win32
		{ED2FF312-CCC5-42E7-8245-BE62657C8A0B}.Release|x64.ActiveCfg = Release|x64
		{ED2FF312-CCC5-42E7-8245-BE62657C8A0B}.Release|x64.Build.0 = Release|x64
		{ED2FF312-CCC5-42E7-8245-BE62657C8A0B}.Release|x86.ActiveCfg = Release|Win32
		{ED2FF312-CCC5-42E7-8245-BE62657C8A0B}.Release|x86.Build.0 = Release|Win32
		{FE9B6A66-5D70-47B8-B591-E22931C47D80}.Debug|x64.ActiveCfg = Debug|x64
		{FE9B6A66-5D70-47B8-B591-E22931C47D80}.Debug|x64.Build.0 = Debug|x64
		{FE9B6A66-5D70-47B8-B591-E22931C47D80}.Debug|x86.ActiveCfg = Debug|Win32
		{FE9B6A66-5D70-47B8-B591-E22931C47D80}.Debug|x86.Build.0 = Debug|Win32
		{FE9B6A66-5D70-47B8-B591-E22931C47D80}.Release|x64.ActiveCfg = Release|x64
		{FE9B6A66-5D70-47B8-B591-E22931C47D80}.Release|x64.Build.0 = Release|x64
		{FE9B6A66-5D70-47B8-B591-E22931C47D80}.Release|x86.ActiveCfg = Release|Win32
		{FE9B6A66-5D70-47B8-B591-E22931C47D80}.Release|x86.Build.0 = Release|Win32
		{2821775B-5F0B-4453-8A6D-363030FEFF85}.Debug|x64.ActiveCfg = Debug|x64
		{2821775B-5F0B-4453-8A6D-363030FEFF85}.Debug|x64.Build.0 = Debug|x64
		{2821775B-5F0B-4453-8A6D-363030FEFF85}.Debug|x86.ActiveCfg = Debug|Win32
		{2821775B-5F0B-4453-8A6D-363030FEFF85}.Debug|x86.Build.0 = Debug|Win32
		{2821775B-5F0B-4453-8A6D-363030FEFF85}.Release|x64.ActiveCfg = Release|x64
		{2821775B-5F0B-4453-8A6D-363030FEFF85}.Release|x64.Build.0 = Release|x64
		{2821775B-5F0B-4453-8A6D-363030FEFF85}.Release|x86.ActiveCfg = Release|Win32
		{2821775B-5F0B-4453-8A6D-363030FEFF85}.Release|x86.Build.0 = Release|Win32
		{5C49E1EF-B003-49DF-AFEC-4B742E9F54BB}.Debug|x64.ActiveCfg = Debug|x64
		{5C49E1EF-B003-49DF-AFEC-4B742E9F54BB}.Debug|x64.Build.0 = Debug|x64
		{5C49E1EF-B003-49DF-AFEC-4B742E9F54BB}.Debug|x86.ActiveCfg = Debug|Win32
		{5C49E1EF-B003-49DF-AFEC-4B742E9F54BB}.Debug|x86.Build.0 = Debug|Win32
		{5C49E1EF-B003-49DF-AFEC-4B742E9F54BB}.Release|x64.ActiveCfg = Release|x64
		{5C49E1EF-B003-49DF-AFEC-4B742E9F54BB}.Release|x64.Build.0 = Release|x64
		{5C49E1EF-B003-49DF-AFEC-4B742E9F54BB}.Release|x86.ActiveCfg = Release|Win32
		{5C49E1EF-B003-49DF-AFEC-4B742E9F54BB}.Release|x86.Build.0 = Release|Win32
	EndGlobalSection
	GlobalSection(SolutionProperties) = preSolution
		HideSolutionNode = FALSE
	EndGlobalSection
	GlobalSection(ExtensibilityGlobals) = postSolution
		SolutionGuid = {10C9D79A-220A-4762-84EE-0AEAFEDEA106}
	EndGlobalSection
EndGlobal
